[root]
name = "dataframe"
version = "0.1.0"
dependencies = [
 "ndarray 0.6.3 (registry+https://github.com/rust-lang/crates.io-index)",
 "ndarray-rand 0.2.0 (registry+https://github.com/rust-lang/crates.io-index)",
 "rand 0.3.14 (registry+https://github.com/rust-lang/crates.io-index)",
 "serde 0.8.9 (registry+https://github.com/rust-lang/crates.io-index)",
]

[[package]]
name = "itertools"
version = "0.4.19"
source = "registry+https://github.com/rust-lang/crates.io-index"

[[package]]
name = "libc"
version = "0.2.16"
source = "registry+https://github.com/rust-lang/crates.io-index"

[[package]]
name = "matrixmultiply"
version = "0.1.9"
source = "registry+https://github.com/rust-lang/crates.io-index"

[[package]]
name = "ndarray"
version = "0.6.3"
source = "registry+https://github.com/rust-lang/crates.io-index"
dependencies = [
 "itertools 0.4.19 (registry+https://github.com/rust-lang/crates.io-index)",
 "matrixmultiply 0.1.9 (registry+https://github.com/rust-lang/crates.io-index)",
 "num-complex 0.1.35 (registry+https://github.com/rust-lang/crates.io-index)",
 "num-traits 0.1.35 (registry+https://github.com/rust-lang/crates.io-index)",
]

[[package]]
name = "ndarray-rand"
version = "0.2.0"
source = "registry+https://github.com/rust-lang/crates.io-index"
dependencies = [
 "ndarray 0.6.3 (registry+https://github.com/rust-lang/crates.io-index)",
 "rand 0.3.14 (registry+https://github.com/rust-lang/crates.io-index)",
]

[[package]]
name = "num-complex"
version = "0.1.35"
source = "registry+https://github.com/rust-lang/crates.io-index"
dependencies = [
 "num-traits 0.1.35 (registry+https://github.com/rust-lang/crates.io-index)",
]

[[package]]
name = "num-traits"
version = "0.1.35"
source = "registry+https://github.com/rust-lang/crates.io-index"

[[package]]
name = "rand"
version = "0.3.14"
source = "registry+https://github.com/rust-lang/crates.io-index"
dependencies = [
 "libc 0.2.16 (registry+https://github.com/rust-lang/crates.io-index)",
]

[[package]]
name = "serde"
version = "0.8.9"
source = "registry+https://github.com/rust-lang/crates.io-index"

[metadata]
"checksum itertools 0.4.19 (registry+https://github.com/rust-lang/crates.io-index)" = "c4a9b56eb56058f43dc66e58f40a214b2ccbc9f3df51861b63d51dec7b65bc3f"
"checksum libc 0.2.16 (registry+https://github.com/rust-lang/crates.io-index)" = "408014cace30ee0f767b1c4517980646a573ec61a57957aeeabcac8ac0a02e8d"
"checksum matrixmultiply 0.1.9 (registry+https://github.com/rust-lang/crates.io-index)" = "dee390ed044d68f8f5416fc41895ea11cd9d9930e5d6a8ca6905b73bfc83bcf3"
"checksum ndarray 0.6.3 (registry+https://github.com/rust-lang/crates.io-index)" = "35f2dea6d95e1fb3b51c47f46d50b93f311cd76e7e62e7727f3328fc393a3844"
"checksum ndarray-rand 0.2.0 (registry+https://github.com/rust-lang/crates.io-index)" = "79d22ff7e5ca93441764bce5fba888d886dbe800a81f2180592b3c0e7a046b4f"
"checksum num-complex 0.1.35 (registry+https://github.com/rust-lang/crates.io-index)" = "f0c78e054dd19c3fd03419ade63fa661e9c49bb890ce3beb4eee5b7baf93f92f"
"checksum num-traits 0.1.35 (registry+https://github.com/rust-lang/crates.io-index)" = "8359ea48994f253fa958b5b90b013728b06f54872e5a58bce39540fcdd0f2527"
"checksum rand 0.3.14 (registry+https://github.com/rust-lang/crates.io-index)" = "2791d88c6defac799c3f20d74f094ca33b9332612d9aef9078519c82e4fe04a5"
"checksum serde 0.8.9 (registry+https://github.com/rust-lang/crates.io-index)" = "addfcab8c811b4e016a78d8699fc48cbdb41f90829ce66bf5fa700cfc746e96e"
